// !$*UTF8*$!
{
	archiveVersion = 1;
	classes = {
	};
	objectVersion = 46;
	objects = {

/* Begin PBXBuildFile section */
		BB7198821DEBCD020085471A /* AppDelegate.swift in Sources */ = {isa = PBXBuildFile; fileRef = BB7198811DEBCD020085471A /* AppDelegate.swift */; };
		BB7198841DEBCD020085471A /* ViewController.swift in Sources */ = {isa = PBXBuildFile; fileRef = BB7198831DEBCD020085471A /* ViewController.swift */; };
		BB7198871DEBCD020085471A /* Main.storyboard in Resources */ = {isa = PBXBuildFile; fileRef = BB7198851DEBCD020085471A /* Main.storyboard */; };
		BB7198891DEBCD020085471A /* Assets.xcassets in Resources */ = {isa = PBXBuildFile; fileRef = BB7198881DEBCD020085471A /* Assets.xcassets */; };
		BB71988C1DEBCD020085471A /* LaunchScreen.storyboard in Resources */ = {isa = PBXBuildFile; fileRef = BB71988A1DEBCD020085471A /* LaunchScreen.storyboard */; };
/* End PBXBuildFile section */

/* Begin PBXFileReference section */
		BB71987E1DEBCD020085471A /* SecondRepository.app */ = {isa = PBXFileReference; explicitFileType = wrapper.application; includeInIndex = 0; path = SecondRepository.app; sourceTree = BUILT_PRODUCTS_DIR; };
		BB7198811DEBCD020085471A /* AppDelegate.swift */ = {isa = PBXFileReference; lastKnownFileType = sourcecode.swift; path = AppDelegate.swift; sourceTree = "<group>"; };
		BB7198831DEBCD020085471A /* ViewController.swift */ = {isa = PBXFileReference; lastKnownFileType = sourcecode.swift; path = ViewController.swift; sourceTree = "<group>"; };
		BB7198861DEBCD020085471A /* Base */ = {isa = PBXFileReference; lastKnownFileType = file.storyboard; name = Base; path = Base.lproj/Main.storyboard; sourceTree = "<group>"; };
		BB7198881DEBCD020085471A /* Assets.xcassets */ = {isa = PBXFileReference; lastKnownFileType = folder.assetcatalog; path = Assets.xcassets; sourceTree = "<group>"; };
		BB71988B1DEBCD020085471A /* Base */ = {isa = PBXFileReference; lastKnownFileType = file.storyboard; name = Base; path = Base.lproj/LaunchScreen.storyboard; sourceTree = "<group>"; };
		BB71988D1DEBCD020085471A /* Info.plist */ = {isa = PBXFileReference; lastKnownFileType = text.plist.xml; path = Info.plist; sourceTree = "<group>"; };
/* End PBXFileReference section */

/* Begin PBXFrameworksBuildPhase section */
		BB71987B1DEBCD020085471A /* Frameworks */ = {
			isa = PBXFrameworksBuildPhase;
			buildActionMask = 2147483647;
			files = (
			);
			runOnlyForDeploymentPostprocessing = 0;
		};
/* End PBXFrameworksBuildPhase section */

/* Begin PBXGroup section */
		BB7198751DEBCD020085471A = {
			isa = PBXGroup;
			children = (
				BB7198801DEBCD020085471A /* SecondRepository */,
				BB71987F1DEBCD020085471A /* Products */,
			);
			sourceTree = "<group>";
		};
		BB71987F1DEBCD020085471A /* Products */ = {
			isa = PBXGroup;
			children = (
				BB71987E1DEBCD020085471A /* SecondRepository.app */,
			);
			name = Products;
			sourceTree = "<group>";
		};
		BB7198801DEBCD020085471A /* SecondRepository */ = {
			isa = PBXGroup;
			children = (
				BB7198811DEBCD020085471A /* AppDelegate.swift */,
				BB7198831DEBCD020085471A /* ViewController.swift */,
				BB7198851DEBCD020085471A /* Main.storyboard */,
				BB7198881DEBCD020085471A /* Assets.xcassets */,
				BB71988A1DEBCD020085471A /* LaunchScreen.storyboard */,
				BB71988D1DEBCD020085471A /* Info.plist */,
			);
			path = SecondRepository;
			sourceTree = "<group>";
		};
/* End PBXGroup section */

/* Begin PBXNativeTarget section */
		BB71987D1DEBCD020085471A /* SecondRepository */ = {
			isa = PBXNativeTarget;
			buildConfigurationList = BB7198901DEBCD020085471A /* Build configuration list for PBXNativeTarget "SecondRepository" */;
			buildPhases = (
				BB71987A1DEBCD020085471A /* Sources */,
				BB71987B1DEBCD020085471A /* Frameworks */,
				BB71987C1DEBCD020085471A /* Resources */,
			);
			buildRules = (
			);
			dependencies = (
			);
			name = SecondRepository;
			productName = SecondRepository;
			productReference = BB71987E1DEBCD020085471A /* SecondRepository.app */;
			productType = "com.apple.product-type.application";
		};
/* End PBXNativeTarget section */

/* Begin PBXProject section */
		BB7198761DEBCD020085471A /* Project object */ = {
			isa = PBXProject;
			attributes = {
				LastSwiftUpdateCheck = 0810;
				LastUpgradeCheck = 0810;
				ORGANIZATIONNAME = "Brian Chun";
				TargetAttributes = {
					BB71987D1DEBCD020085471A = {
						CreatedOnToolsVersion = 8.1;
						ProvisioningStyle = Automatic;
					};
				};
			};
			buildConfigurationList = BB7198791DEBCD020085471A /* Build configuration list for PBXProject "SecondRepository" */;
			compatibilityVersion = "Xcode 3.2";
			developmentRegion = English;
			hasScannedForEncodings = 0;
			knownRegions = (
				en,
				Base,
			);
			mainGroup = BB7198751DEBCD020085471A;
			productRefGroup = BB71987F1DEBCD020085471A /* Products */;
			projectDirPath = "";
			projectRoot = "";
			targets = (
				BB71987D1DEBCD020085471A /* SecondRepository */,
			);
		};
/* End PBXProject section */

/* Begin PBXResourcesBuildPhase section */
		BB71987C1DEBCD020085471A /* Resources */ = {
			isa = PBXResourcesBuildPhase;
			buildActionMask = 2147483647;
			files = (
				BB71988C1DEBCD020085471A /* LaunchScreen.storyboard in Resources */,
				BB7198891DEBCD020085471A /* Assets.xcassets in Resources */,
				BB7198871DEBCD020085471A /* Main.storyboard in Resources */,
			);
			runOnlyForDeploymentPostprocessing = 0;
		};
/* End PBXResourcesBuildPhase section */

/* Begin PBXSourcesBuildPhase section */
		BB71987A1DEBCD020085471A /* Sources */ = {
			isa = PBXSourcesBuildPhase;
			buildActionMask = 2147483647;
			files = (
				BB7198841DEBCD020085471A /* ViewController.swift in Sources */,
				BB7198821DEBCD020085471A /* AppDelegate.swift in Sources */,
			);
			runOnlyForDeploymentPostprocessing = 0;
		};
/* End PBXSourcesBuildPhase section */

/* Begin PBXVariantGroup section */
		BB7198851DEBCD020085471A /* Main.storyboard */ = {
			isa = PBXVariantGroup;
			children = (
				BB7198861DEBCD020085471A /* Base */,
			);
			name = Main.storyboard;
			sourceTree = "<group>";
		};
		BB71988A1DEBCD020085471A /* LaunchScreen.storyboard */ = {
			isa = PBXVariantGroup;
			children = (
				BB71988B1DEBCD020085471A /* Base */,
			);
			name = LaunchScreen.storyboard;
			sourceTree = "<group>";
		};
/* End PBXVariantGroup section */

/* Begin XCBuildConfiguration section */
		BB71988E1DEBCD020085471A /* Debug */ = {
			isa = XCBuildConfiguration;
			buildSettings = {
				ALWAYS_SEARCH_USER_PATHS = NO;
				CLANG_ANALYZER_NONNULL = YES;
				CLANG_CXX_LANGUAGE_STANDARD = "gnu++0x";
				CLANG_CXX_LIBRARY = "libc++";
				CLANG_ENABLE_MODULES = YES;
				CLANG_ENABLE_OBJC_ARC = YES;
				CLANG_WARN_BOOL_CONVERSION = YES;
				CLANG_WARN_CONSTANT_CONVERSION = YES;
				CLANG_WARN_DIRECT_OBJC_ISA_USAGE = YES_ERROR;
				CLANG_WARN_DOCUMENTATION_COMMENTS = YES;
				CLANG_WARN_EMPTY_BODY = YES;
				CLANG_WARN_ENUM_CONVERSION = YES;
				CLANG_WARN_INFINITE_RECURSION = YES;
				CLANG_WARN_INT_CONVERSION = YES;
				CLANG_WARN_OBJC_ROOT_CLASS = YES_ERROR;
				CLANG_WARN_SUSPICIOUS_MOVES = YES;
				CLANG_WARN_UNREACHABLE_CODE = YES;
				CLANG_WARN__DUPLICATE_METHOD_MATCH = YES;
				"CODE_SIGN_IDENTITY[sdk=iphoneos*]" = "iPhone Developer";
				COPY_PHASE_STRIP = NO;
				DEBUG_INFORMATION_FORMAT = dwarf;
				ENABLE_STRICT_OBJC_MSGSEND = YES;
				ENABLE_TESTABILITY = YES;
				GCC_C_LANGUAGE_STANDARD = gnu99;
				GCC_DYNAMIC_NO_PIC = NO;
				GCC_NO_COMMON_BLOCKS = YES;
				GCC_OPTIMIZATION_LEVEL = 0;
				GCC_PREPROCESSOR_DEFINITIONS = (
					"DEBUG=1",
					"$(inherited)",
				);
				GCC_WARN_64_TO_32_BIT_CONVERSION = YES;
				GCC_WARN_ABOUT_RETURN_TYPE = YES_ERROR;
				GCC_WARN_UNDECLARED_SELECTOR = YES;
				GCC_WARN_UNINITIALIZED_AUTOS = YES_AGGRESSIVE;
				GCC_WARN_UNUSED_FUNCTION = YES;
				GCC_WARN_UNUSED_VARIABLE = YES;
				IPHONEOS_DEPLOYMENT_TARGET = 10.1;
				MTL_ENABLE_DEBUG_INFO = YES;
				ONLY_ACTIVE_ARCH = YES;
				SDKROOT = iphoneos;
				SWIFT_ACTIVE_COMPILATION_CONDITIONS = DEBUG;
				SWIFT_OPTIMIZATION_LEVEL = "-Onone";
			};
			name = Debug;
		};
		BB71988F1DEBCD020085471A /* Release */ = {
			isa = XCBuildConfiguration;
			buildSettings = {
				ALWAYS_SEARCH_USER_PATHS = NO;
				CLANG_ANALYZER_NONNULL = YES;
				CLANG_CXX_LANGUAGE_STANDARD = "gnu++0x";
				CLANG_CXX_LIBRARY = "libc++";
				CLANG_ENABLE_MODULES = YES;
				CLANG_ENABLE_OBJC_ARC = YES;
				CLANG_WARN_BOOL_CONVERSION = YES;
				CLANG_WARN_CONSTANT_CONVERSION = YES;
				CLANG_WARN_DIRECT_OBJC_ISA_USAGE = YES_ERROR;
				CLANG_WARN_DOCUMENTATION_COMMENTS = YES;
				CLANG_WARN_EMPTY_BODY = YES;
				CLANG_WARN_ENUM_CONVERSION = YES;
				CLANG_WARN_INFINITE_RECURSION = YES;
				CLANG_WARN_INT_CONVERSION = YES;
				CLANG_WARN_OBJC_ROOT_CLASS = YES_ERROR;
				CLANG_WARN_SUSPICIOUS_MOVES = YES;
				CLANG_WARN_UNREACHABLE_CODE = YES;
				CLANG_WARN__DUPLICATE_METHOD_MATCH = YES;
				"CODE_SIGN_IDENTITY[sdk=iphoneos*]" = "iPhone Developer";
				COPY_PHASE_STRIP = NO;
				DEBUG_INFORMATION_FORMAT = "dwarf-with-dsym";
				ENABLE_NS_ASSERTIONS = NO;
				ENABLE_STRICT_OBJC_MSGSEND = YES;
				GCC_C_LANGUAGE_STANDARD = gnu99;
				GCC_NO_COMMON_BLOCKS = YES;
				GCC_WARN_64_TO_32_BIT_CONVERSION = YES;
				GCC_WARN_ABOUT_RETURN_TYPE = YES_ERROR;
				GCC_WARN_UNDECLARED_SELECTOR = YES;
				GCC_WARN_UNINITIALIZED_AUTOS = YES_AGGRESSIVE;
				GCC_WARN_UNUSED_FUNCTION = YES;
				GCC_WARN_UNUSED_VARIABLE = YES;
				IPHONEOS_DEPLOYMENT_TARGET = 10.1;
				MTL_ENABLE_DEBUG_INFO = NO;
				SDKROOT = iphoneos;
				SWIFT_OPTIMIZATION_LEVEL = "-Owholemodule";
				VALIDATE_PRODUCT = YES;
			};
			name = Release;
		};
		BB7198911DEBCD020085471A /* Debug */ = {
			isa = XCBuildConfiguration;
			buildSettings = {
				ASSETCATALOG_COMPILER_APPICON_NAME = AppIcon;
				INFOPLIST_FILE = SecondRepository/Info.plist;
				LD_RUNPATH_SEARCH_PATHS = "$(inherited) @executable_path/Frameworks";
				PRODUCT_BUNDLE_IDENTIFIER = "Brian-s-New-App.SecondRepository";
				PRODUCT_NAME = "$(TARGET_NAME)";
				SWIFT_VERSION = 3.0;
			};
			name = Debug;
		};
		BB7198921DEBCD020085471A /* Release */ = {
			isa = XCBuildConfiguration;
			buildSettings = {
				ASSETCATALOG_COMPILER_APPICON_NAME = AppIcon;
				INFOPLIST_FILE = SecondRepository/Info.plist;
				LD_RUNPATH_SEARCH_PATHS = "$(inherited) @executable_path/Frameworks";
				PRODUCT_BUNDLE_IDENTIFIER = "Brian-s-New-App.SecondRepository";
				PRODUCT_NAME = "$(TARGET_NAME)";
				SWIFT_VERSION = 3.0;
			};
			name = Release;
		};
/* End XCBuildConfiguration section */

/* Begin XCConfigurationList section */
		BB7198791DEBCD020085471A /* Build configuration list for PBXProject "SecondRepository" */ = {
			isa = XCConfigurationList;
			buildConfigurations = (
				BB71988E1DEBCD020085471A /* Debug */,
				BB71988F1DEBCD020085471A /* Release */,
			);
			defaultConfigurationIsVisible = 0;
			defaultConfigurationName = Release;
		};
		BB7198901DEBCD020085471A /* Build configuration list for PBXNativeTarget "SecondRepository" */ = {
			isa = XCConfigurationList;
			buildConfigurations = (
				BB7198911DEBCD020085471A /* Debug */,
				BB7198921DEBCD020085471A /* Release */,
			);
			defaultConfigurationIsVisible = 0;
		};
/* End XCConfigurationList section */
	};
	rootObject = BB7198761DEBCD020085471A /* Project object */;
}
